
Microsoft Visual Studio Solution File, Format Version 12.00
# Visual Studio 15
VisualStudioVersion = 15.0.27428.2027
MinimumVisualStudioVersion = 10.0.40219.1
Project("{9A19103F-16F7-4668-BE54-9A1E7A4F7556}") = "OneLoginClient", "OneLoginClient\OneLoginClient.csproj", "{B0349224-9379-48E5-99FE-AA982B1DD88A}"
EndProject
Project("{9A19103F-16F7-4668-BE54-9A1E7A4F7556}") = "OneLoginClient.IntegrationTests", "OneLoginClient.IntegrationTests\OneLoginClient.IntegrationTests.csproj", "{BEF940A5-B8CB-4120-B8BE-50C3CE3D4BCC}"
EndProject
Global
	GlobalSection(SolutionConfigurationPlatforms) = preSolution
		Debug|Any CPU = Debug|Any CPU
		Release|Any CPU = Release|Any CPU
	EndGlobalSection
	GlobalSection(ProjectConfigurationPlatforms) = postSolution
		{B0349224-9379-48E5-99FE-AA982B1DD88A}.Debug|Any CPU.ActiveCfg = Debug|Any CPU
		{B0349224-9379-48E5-99FE-AA982B1DD88A}.Debug|Any CPU.Build.0 = Debug|Any CPU
		{B0349224-9379-48E5-99FE-AA982B1DD88A}.Release|Any CPU.ActiveCfg = Release|Any CPU
		{B0349224-9379-48E5-99FE-AA982B1DD88A}.Release|Any CPU.Build.0 = Release|Any CPU
		{BEF940A5-B8CB-4120-B8BE-50C3CE3D4BCC}.Debug|Any CPU.ActiveCfg = Debug|Any CPU
		{BEF940A5-B8CB-4120-B8BE-50C3CE3D4BCC}.Debug|Any CPU.Build.0 = Debug|Any CPU
		{BEF940A5-B8CB-4120-B8BE-50C3CE3D4BCC}.Release|Any CPU.ActiveCfg = Release|Any CPU
		{BEF940A5-B8CB-4120-B8BE-50C3CE3D4BCC}.Release|Any CPU.Build.0 = Release|Any CPU
	EndGlobalSection
	GlobalSection(SolutionProperties) = preSolution
		HideSolutionNode = FALSE
	EndGlobalSection
	GlobalSection(ExtensibilityGlobals) = postSolution
		SolutionGuid = {0D132555-9C8C-4EEB-92F8-FCFA8A75FC53}
	EndGlobalSection
EndGlobal
